
Microsoft Visual Studio Solution File, Format Version 12.00
# Visual Studio Version 17
VisualStudioVersion = 17.8.34330.188
MinimumVisualStudioVersion = 10.0.40219.1
Project("{FAE04EC0-301F-11D3-BF4B-00C04F79EFBC}") = "HelloSourceControl", "HelloSourceControl\HelloSourceControl.csproj", "{8BDCB7CA-ABCE-4C81-80A1-10DD13181BBE}"
EndProject
Global
	GlobalSection(SolutionConfigurationPlatforms) = preSolution
		Debug|Any CPU = Debug|Any CPU
		Release|Any CPU = Release|Any CPU
	EndGlobalSection
	GlobalSection(ProjectConfigurationPlatforms) = postSolution
		{8BDCB7CA-ABCE-4C81-80A1-10DD13181BBE}.Debug|Any CPU.ActiveCfg = Debug|Any CPU
		{8BDCB7CA-ABCE-4C81-80A1-10DD13181BBE}.Debug|Any CPU.Build.0 = Debug|Any CPU
		{8BDCB7CA-ABCE-4C81-80A1-10DD13181BBE}.Release|Any CPU.ActiveCfg = Release|Any CPU
		{8BDCB7CA-ABCE-4C81-80A1-10DD13181BBE}.Release|Any CPU.Build.0 = Release|Any CPU
	EndGlobalSection
	GlobalSection(SolutionProperties) = preSolution
		HideSolutionNode = FALSE
	EndGlobalSection
	GlobalSection(ExtensibilityGlobals) = postSolution
		SolutionGuid = {963DF4D3-D19A-4D7D-A2CC-299D4AC98007}
	EndGlobalSection
EndGlobal
